// !$*UTF8*$!
{
	archiveVersion = 1;
	classes = {
	};
	objectVersion = 56;
	objects = {

/* Begin PBXBuildFile section */
		1181C2112A891F9F008B23A1 /* LargeTemperatureView.swift in Sources */ = {isa = PBXBuildFile; fileRef = 1181C2102A891F9F008B23A1 /* LargeTemperatureView.swift */; };
		11A9980C2A85313300E6502C /* AppDelegate.swift in Sources */ = {isa = PBXBuildFile; fileRef = 11A9980B2A85313300E6502C /* AppDelegate.swift */; };
		11A9980E2A85313300E6502C /* SceneDelegate.swift in Sources */ = {isa = PBXBuildFile; fileRef = 11A9980D2A85313300E6502C /* SceneDelegate.swift */; };
		11A998102A85313300E6502C /* HomeViewController.swift in Sources */ = {isa = PBXBuildFile; fileRef = 11A9980F2A85313300E6502C /* HomeViewController.swift */; };
		11A998152A85313400E6502C /* Assets.xcassets in Resources */ = {isa = PBXBuildFile; fileRef = 11A998142A85313400E6502C /* Assets.xcassets */; };
		11A998182A85313400E6502C /* LaunchScreen.storyboard in Resources */ = {isa = PBXBuildFile; fileRef = 11A998162A85313400E6502C /* LaunchScreen.storyboard */; };
		11A998242A86E13C00E6502C /* WeatherModel.swift in Sources */ = {isa = PBXBuildFile; fileRef = 11A998232A86E13C00E6502C /* WeatherModel.swift */; };
		11A998282A86F03D00E6502C /* APIManager.swift in Sources */ = {isa = PBXBuildFile; fileRef = 11A998272A86F03D00E6502C /* APIManager.swift */; };
		11A998302A87FD6200E6502C /* SavedCitiesViewController.swift in Sources */ = {isa = PBXBuildFile; fileRef = 11A9982F2A87FD6200E6502C /* SavedCitiesViewController.swift */; };
		11A998342A87FF1300E6502C /* TabBarViewController.swift in Sources */ = {isa = PBXBuildFile; fileRef = 11A998332A87FF1300E6502C /* TabBarViewController.swift */; };
		11A9983A2A88011000E6502C /* SettingsViewController.swift in Sources */ = {isa = PBXBuildFile; fileRef = 11A998392A88011000E6502C /* SettingsViewController.swift */; };
		CFAECE0FC0F5A6DB1D70AD69 /* Pods_MyWeather.framework in Frameworks */ = {isa = PBXBuildFile; fileRef = 27FD4E3FCFA758345075C697 /* Pods_MyWeather.framework */; };
/* End PBXBuildFile section */

/* Begin PBXFileReference section */
		1181C2102A891F9F008B23A1 /* LargeTemperatureView.swift */ = {isa = PBXFileReference; lastKnownFileType = sourcecode.swift; path = LargeTemperatureView.swift; sourceTree = "<group>"; };
		11A998082A85313300E6502C /* MyWeather.app */ = {isa = PBXFileReference; explicitFileType = wrapper.application; includeInIndex = 0; path = MyWeather.app; sourceTree = BUILT_PRODUCTS_DIR; };
		11A9980B2A85313300E6502C /* AppDelegate.swift */ = {isa = PBXFileReference; lastKnownFileType = sourcecode.swift; path = AppDelegate.swift; sourceTree = "<group>"; };
		11A9980D2A85313300E6502C /* SceneDelegate.swift */ = {isa = PBXFileReference; lastKnownFileType = sourcecode.swift; path = SceneDelegate.swift; sourceTree = "<group>"; };
		11A9980F2A85313300E6502C /* HomeViewController.swift */ = {isa = PBXFileReference; lastKnownFileType = sourcecode.swift; path = HomeViewController.swift; sourceTree = "<group>"; };
		11A998142A85313400E6502C /* Assets.xcassets */ = {isa = PBXFileReference; lastKnownFileType = folder.assetcatalog; path = Assets.xcassets; sourceTree = "<group>"; };
		11A998172A85313400E6502C /* Base */ = {isa = PBXFileReference; lastKnownFileType = file.storyboard; name = Base; path = Base.lproj/LaunchScreen.storyboard; sourceTree = "<group>"; };
		11A998192A85313400E6502C /* Info.plist */ = {isa = PBXFileReference; lastKnownFileType = text.plist.xml; path = Info.plist; sourceTree = "<group>"; };
		11A998232A86E13C00E6502C /* WeatherModel.swift */ = {isa = PBXFileReference; lastKnownFileType = sourcecode.swift; path = WeatherModel.swift; sourceTree = "<group>"; };
		11A998272A86F03D00E6502C /* APIManager.swift */ = {isa = PBXFileReference; lastKnownFileType = sourcecode.swift; path = APIManager.swift; sourceTree = "<group>"; };
		11A9982F2A87FD6200E6502C /* SavedCitiesViewController.swift */ = {isa = PBXFileReference; lastKnownFileType = sourcecode.swift; path = SavedCitiesViewController.swift; sourceTree = "<group>"; };
		11A998332A87FF1300E6502C /* TabBarViewController.swift */ = {isa = PBXFileReference; fileEncoding = 4; lastKnownFileType = sourcecode.swift; path = TabBarViewController.swift; sourceTree = "<group>"; };
		11A998392A88011000E6502C /* SettingsViewController.swift */ = {isa = PBXFileReference; lastKnownFileType = sourcecode.swift; path = SettingsViewController.swift; sourceTree = "<group>"; };
		11DBE979A0ABC8AA0013D3D3 /* Pods-MyWeather.debug.xcconfig */ = {isa = PBXFileReference; includeInIndex = 1; lastKnownFileType = text.xcconfig; name = "Pods-MyWeather.debug.xcconfig"; path = "Target Support Files/Pods-MyWeather/Pods-MyWeather.debug.xcconfig"; sourceTree = "<group>"; };
		27FD4E3FCFA758345075C697 /* Pods_MyWeather.framework */ = {isa = PBXFileReference; explicitFileType = wrapper.framework; includeInIndex = 0; path = Pods_MyWeather.framework; sourceTree = BUILT_PRODUCTS_DIR; };
		5DBA8D499E377F0D8571B5F1 /* Pods-MyWeather.release.xcconfig */ = {isa = PBXFileReference; includeInIndex = 1; lastKnownFileType = text.xcconfig; name = "Pods-MyWeather.release.xcconfig"; path = "Target Support Files/Pods-MyWeather/Pods-MyWeather.release.xcconfig"; sourceTree = "<group>"; };
/* End PBXFileReference section */

/* Begin PBXFrameworksBuildPhase section */
		11A998052A85313300E6502C /* Frameworks */ = {
			isa = PBXFrameworksBuildPhase;
			buildActionMask = 2147483647;
			files = (
				CFAECE0FC0F5A6DB1D70AD69 /* Pods_MyWeather.framework in Frameworks */,
			);
			runOnlyForDeploymentPostprocessing = 0;
		};
/* End PBXFrameworksBuildPhase section */

/* Begin PBXGroup section */
		1181C20F2A891F64008B23A1 /* Supplementary Views */ = {
			isa = PBXGroup;
			children = (
				11A998332A87FF1300E6502C /* TabBarViewController.swift */,
				1181C2102A891F9F008B23A1 /* LargeTemperatureView.swift */,
			);
			path = "Supplementary Views";
			sourceTree = "<group>";
		};
		11A997FF2A85313300E6502C = {
			isa = PBXGroup;
			children = (
				11A9980A2A85313300E6502C /* MyWeather */,
				11A998092A85313300E6502C /* Products */,
				F94E9A35F6D26D003613B962 /* Pods */,
				CC2E8EB505382DA963AE4DF1 /* Frameworks */,
			);
			sourceTree = "<group>";
		};
		11A998092A85313300E6502C /* Products */ = {
			isa = PBXGroup;
			children = (
				11A998082A85313300E6502C /* MyWeather.app */,
			);
			name = Products;
			sourceTree = "<group>";
		};
		11A9980A2A85313300E6502C /* MyWeather */ = {
			isa = PBXGroup;
			children = (
				11A9980B2A85313300E6502C /* AppDelegate.swift */,
				11A9980D2A85313300E6502C /* SceneDelegate.swift */,
				1181C20F2A891F64008B23A1 /* Supplementary Views */,
				11A9982C2A87FD2400E6502C /* Home Screen */,
				11A9982D2A87FD4E00E6502C /* Saved Cities Screen */,
				11A998372A8800E200E6502C /* Settings Screen */,
				11A998142A85313400E6502C /* Assets.xcassets */,
				11A998162A85313400E6502C /* LaunchScreen.storyboard */,
				11A998192A85313400E6502C /* Info.plist */,
			);
			path = MyWeather;
			sourceTree = "<group>";
		};
		11A998212A86D7EE00E6502C /* Views */ = {
			isa = PBXGroup;
			children = (
				11A9980F2A85313300E6502C /* HomeViewController.swift */,
			);
			path = Views;
			sourceTree = "<group>";
		};
		11A998222A86E12F00E6502C /* Model */ = {
			isa = PBXGroup;
			children = (
				11A998292A86F04300E6502C /* Networking */,
				11A998262A86F02E00E6502C /* Weather Model */,
			);
			name = Model;
			path = ../..;
			sourceTree = "<group>";
		};
		11A998262A86F02E00E6502C /* Weather Model */ = {
			isa = PBXGroup;
			children = (
				11A998232A86E13C00E6502C /* WeatherModel.swift */,
			);
			path = "Weather Model";
			sourceTree = "<group>";
		};
		11A998292A86F04300E6502C /* Networking */ = {
			isa = PBXGroup;
			children = (
				11A998272A86F03D00E6502C /* APIManager.swift */,
			);
			path = Networking;
			sourceTree = "<group>";
		};
		11A9982A2A87FBB200E6502C /* ViewModel */ = {
			isa = PBXGroup;
			children = (
			);
			name = ViewModel;
			path = ../..;
			sourceTree = "<group>";
		};
		11A9982C2A87FD2400E6502C /* Home Screen */ = {
			isa = PBXGroup;
			children = (
				11A9982A2A87FBB200E6502C /* ViewModel */,
				11A998212A86D7EE00E6502C /* Views */,
				11A998222A86E12F00E6502C /* Model */,
			);
			path = "Home Screen";
			sourceTree = "<group>";
		};
		11A9982D2A87FD4E00E6502C /* Saved Cities Screen */ = {
			isa = PBXGroup;
			children = (
				11A9982E2A87FD5200E6502C /* View */,
			);
			name = "Saved Cities Screen";
			path = ..;
			sourceTree = "<group>";
		};
		11A9982E2A87FD5200E6502C /* View */ = {
			isa = PBXGroup;
			children = (
				11A9982F2A87FD6200E6502C /* SavedCitiesViewController.swift */,
			);
			path = View;
			sourceTree = "<group>";
		};
		11A998372A8800E200E6502C /* Settings Screen */ = {
			isa = PBXGroup;
			children = (
				11A998382A8800E800E6502C /* Views */,
			);
			name = "Settings Screen";
			path = ..;
			sourceTree = "<group>";
		};
		11A998382A8800E800E6502C /* Views */ = {
			isa = PBXGroup;
			children = (
				11A998392A88011000E6502C /* SettingsViewController.swift */,
			);
			path = Views;
			sourceTree = "<group>";
		};
		CC2E8EB505382DA963AE4DF1 /* Frameworks */ = {
			isa = PBXGroup;
			children = (
				27FD4E3FCFA758345075C697 /* Pods_MyWeather.framework */,
			);
			name = Frameworks;
			sourceTree = "<group>";
		};
		F94E9A35F6D26D003613B962 /* Pods */ = {
			isa = PBXGroup;
			children = (
				11DBE979A0ABC8AA0013D3D3 /* Pods-MyWeather.debug.xcconfig */,
				5DBA8D499E377F0D8571B5F1 /* Pods-MyWeather.release.xcconfig */,
			);
			path = Pods;
			sourceTree = "<group>";
		};
/* End PBXGroup section */

/* Begin PBXNativeTarget section */
		11A998072A85313300E6502C /* MyWeather */ = {
			isa = PBXNativeTarget;
			buildConfigurationList = 11A9981C2A85313400E6502C /* Build configuration list for PBXNativeTarget "MyWeather" */;
			buildPhases = (
				7955425551FFAB956151C5D7 /* [CP] Check Pods Manifest.lock */,
				11A9981F2A856F1000E6502C /* ShellScript */,
				11A998042A85313300E6502C /* Sources */,
				11A998052A85313300E6502C /* Frameworks */,
				11A998062A85313300E6502C /* Resources */,
				0CD4DEDF08729DF435B77B4A /* [CP] Embed Pods Frameworks */,
			);
			buildRules = (
			);
			dependencies = (
			);
			name = MyWeather;
			productName = MyWeather;
			productReference = 11A998082A85313300E6502C /* MyWeather.app */;
			productType = "com.apple.product-type.application";
		};
/* End PBXNativeTarget section */

/* Begin PBXProject section */
		11A998002A85313300E6502C /* Project object */ = {
			isa = PBXProject;
			attributes = {
				BuildIndependentTargetsInParallel = 1;
				LastSwiftUpdateCheck = 1430;
				LastUpgradeCheck = 1430;
				TargetAttributes = {
					11A998072A85313300E6502C = {
						CreatedOnToolsVersion = 14.3;
					};
				};
			};
			buildConfigurationList = 11A998032A85313300E6502C /* Build configuration list for PBXProject "MyWeather" */;
			compatibilityVersion = "Xcode 14.0";
			developmentRegion = en;
			hasScannedForEncodings = 0;
			knownRegions = (
				en,
				Base,
			);
			mainGroup = 11A997FF2A85313300E6502C;
			productRefGroup = 11A998092A85313300E6502C /* Products */;
			projectDirPath = "";
			projectRoot = "";
			targets = (
				11A998072A85313300E6502C /* MyWeather */,
			);
		};
/* End PBXProject section */

/* Begin PBXResourcesBuildPhase section */
		11A998062A85313300E6502C /* Resources */ = {
			isa = PBXResourcesBuildPhase;
			buildActionMask = 2147483647;
			files = (
				11A998182A85313400E6502C /* LaunchScreen.storyboard in Resources */,
				11A998152A85313400E6502C /* Assets.xcassets in Resources */,
			);
			runOnlyForDeploymentPostprocessing = 0;
		};
/* End PBXResourcesBuildPhase section */

/* Begin PBXShellScriptBuildPhase section */
		0CD4DEDF08729DF435B77B4A /* [CP] Embed Pods Frameworks */ = {
			isa = PBXShellScriptBuildPhase;
			buildActionMask = 2147483647;
			files = (
			);
			inputFileListPaths = (
				"${PODS_ROOT}/Target Support Files/Pods-MyWeather/Pods-MyWeather-frameworks-${CONFIGURATION}-input-files.xcfilelist",
			);
			name = "[CP] Embed Pods Frameworks";
			outputFileListPaths = (
				"${PODS_ROOT}/Target Support Files/Pods-MyWeather/Pods-MyWeather-frameworks-${CONFIGURATION}-output-files.xcfilelist",
			);
			runOnlyForDeploymentPostprocessing = 0;
			shellPath = /bin/sh;
			shellScript = "\"${PODS_ROOT}/Target Support Files/Pods-MyWeather/Pods-MyWeather-frameworks.sh\"\n";
			showEnvVarsInLog = 0;
		};
		11A9981F2A856F1000E6502C /* ShellScript */ = {
			isa = PBXShellScriptBuildPhase;
			alwaysOutOfDate = 1;
			buildActionMask = 2147483647;
			files = (
			);
			inputFileListPaths = (
			);
			inputPaths = (
			);
			outputFileListPaths = (
			);
			outputPaths = (
				$SRCROOT/R.generated.swift,
			);
			runOnlyForDeploymentPostprocessing = 0;
			shellPath = /bin/sh;
			shellScript = "\"$PODS_ROOT/R.swift/rswift\" generate \"$SRCROOT/R.generated.swift\"\n";
		};
		7955425551FFAB956151C5D7 /* [CP] Check Pods Manifest.lock */ = {
			isa = PBXShellScriptBuildPhase;
			buildActionMask = 2147483647;
			files = (
			);
			inputFileListPaths = (
			);
			inputPaths = (
				"${PODS_PODFILE_DIR_PATH}/Podfile.lock",
				"${PODS_ROOT}/Manifest.lock",
			);
			name = "[CP] Check Pods Manifest.lock";
			outputFileListPaths = (
			);
			outputPaths = (
				"$(DERIVED_FILE_DIR)/Pods-MyWeather-checkManifestLockResult.txt",
			);
			runOnlyForDeploymentPostprocessing = 0;
			shellPath = /bin/sh;
			shellScript = "diff \"${PODS_PODFILE_DIR_PATH}/Podfile.lock\" \"${PODS_ROOT}/Manifest.lock\" > /dev/null\nif [ $? != 0 ] ; then\n    # print error to STDERR\n    echo \"error: The sandbox is not in sync with the Podfile.lock. Run 'pod install' or update your CocoaPods installation.\" >&2\n    exit 1\nfi\n# This output is used by Xcode 'outputs' to avoid re-running this script phase.\necho \"SUCCESS\" > \"${SCRIPT_OUTPUT_FILE_0}\"\n";
			showEnvVarsInLog = 0;
		};
/* End PBXShellScriptBuildPhase section */

/* Begin PBXSourcesBuildPhase section */
		11A998042A85313300E6502C /* Sources */ = {
			isa = PBXSourcesBuildPhase;
			buildActionMask = 2147483647;
			files = (
				11A998342A87FF1300E6502C /* TabBarViewController.swift in Sources */,
				11A998102A85313300E6502C /* HomeViewController.swift in Sources */,
				11A9980C2A85313300E6502C /* AppDelegate.swift in Sources */,
				11A998282A86F03D00E6502C /* APIManager.swift in Sources */,
				11A998302A87FD6200E6502C /* SavedCitiesViewController.swift in Sources */,
				11A998242A86E13C00E6502C /* WeatherModel.swift in Sources */,
				11A9980E2A85313300E6502C /* SceneDelegate.swift in Sources */,
				11A9983A2A88011000E6502C /* SettingsViewController.swift in Sources */,
				1181C2112A891F9F008B23A1 /* LargeTemperatureView.swift in Sources */,
			);
			runOnlyForDeploymentPostprocessing = 0;
		};
/* End PBXSourcesBuildPhase section */

/* Begin PBXVariantGroup section */
		11A998162A85313400E6502C /* LaunchScreen.storyboard */ = {
			isa = PBXVariantGroup;
			children = (
				11A998172A85313400E6502C /* Base */,
			);
			name = LaunchScreen.storyboard;
			sourceTree = "<group>";
		};
/* End PBXVariantGroup section */

/* Begin XCBuildConfiguration section */
		11A9981A2A85313400E6502C /* Debug */ = {
			isa = XCBuildConfiguration;
			buildSettings = {
				ALWAYS_SEARCH_USER_PATHS = NO;
				CLANG_ANALYZER_NONNULL = YES;
				CLANG_ANALYZER_NUMBER_OBJECT_CONVERSION = YES_AGGRESSIVE;
				CLANG_CXX_LANGUAGE_STANDARD = "gnu++20";
				CLANG_ENABLE_MODULES = YES;
				CLANG_ENABLE_OBJC_ARC = YES;
				CLANG_ENABLE_OBJC_WEAK = YES;
				CLANG_WARN_BLOCK_CAPTURE_AUTORELEASING = YES;
				CLANG_WARN_BOOL_CONVERSION = YES;
				CLANG_WARN_COMMA = YES;
				CLANG_WARN_CONSTANT_CONVERSION = YES;
				CLANG_WARN_DEPRECATED_OBJC_IMPLEMENTATIONS = YES;
				CLANG_WARN_DIRECT_OBJC_ISA_USAGE = YES_ERROR;
				CLANG_WARN_DOCUMENTATION_COMMENTS = YES;
				CLANG_WARN_EMPTY_BODY = YES;
				CLANG_WARN_ENUM_CONVERSION = YES;
				CLANG_WARN_INFINITE_RECURSION = YES;
				CLANG_WARN_INT_CONVERSION = YES;
				CLANG_WARN_NON_LITERAL_NULL_CONVERSION = YES;
				CLANG_WARN_OBJC_IMPLICIT_RETAIN_SELF = YES;
				CLANG_WARN_OBJC_LITERAL_CONVERSION = YES;
				CLANG_WARN_OBJC_ROOT_CLASS = YES_ERROR;
				CLANG_WARN_QUOTED_INCLUDE_IN_FRAMEWORK_HEADER = YES;
				CLANG_WARN_RANGE_LOOP_ANALYSIS = YES;
				CLANG_WARN_STRICT_PROTOTYPES = YES;
				CLANG_WARN_SUSPICIOUS_MOVE = YES;
				CLANG_WARN_UNGUARDED_AVAILABILITY = YES_AGGRESSIVE;
				CLANG_WARN_UNREACHABLE_CODE = YES;
				CLANG_WARN__DUPLICATE_METHOD_MATCH = YES;
				COPY_PHASE_STRIP = NO;
				DEBUG_INFORMATION_FORMAT = dwarf;
				ENABLE_STRICT_OBJC_MSGSEND = YES;
				ENABLE_TESTABILITY = YES;
				GCC_C_LANGUAGE_STANDARD = gnu11;
				GCC_DYNAMIC_NO_PIC = NO;
				GCC_NO_COMMON_BLOCKS = YES;
				GCC_OPTIMIZATION_LEVEL = 0;
				GCC_PREPROCESSOR_DEFINITIONS = (
					"DEBUG=1",
					"$(inherited)",
				);
				GCC_WARN_64_TO_32_BIT_CONVERSION = YES;
				GCC_WARN_ABOUT_RETURN_TYPE = YES_ERROR;
				GCC_WARN_UNDECLARED_SELECTOR = YES;
				GCC_WARN_UNINITIALIZED_AUTOS = YES_AGGRESSIVE;
				GCC_WARN_UNUSED_FUNCTION = YES;
				GCC_WARN_UNUSED_VARIABLE = YES;
				IPHONEOS_DEPLOYMENT_TARGET = 16.4;
				MTL_ENABLE_DEBUG_INFO = INCLUDE_SOURCE;
				MTL_FAST_MATH = YES;
				ONLY_ACTIVE_ARCH = YES;
				SDKROOT = iphoneos;
				SWIFT_ACTIVE_COMPILATION_CONDITIONS = DEBUG;
				SWIFT_OPTIMIZATION_LEVEL = "-Onone";
			};
			name = Debug;
		};
		11A9981B2A85313400E6502C /* Release */ = {
			isa = XCBuildConfiguration;
			buildSettings = {
				ALWAYS_SEARCH_USER_PATHS = NO;
				CLANG_ANALYZER_NONNULL = YES;
				CLANG_ANALYZER_NUMBER_OBJECT_CONVERSION = YES_AGGRESSIVE;
				CLANG_CXX_LANGUAGE_STANDARD = "gnu++20";
				CLANG_ENABLE_MODULES = YES;
				CLANG_ENABLE_OBJC_ARC = YES;
				CLANG_ENABLE_OBJC_WEAK = YES;
				CLANG_WARN_BLOCK_CAPTURE_AUTORELEASING = YES;
				CLANG_WARN_BOOL_CONVERSION = YES;
				CLANG_WARN_COMMA = YES;
				CLANG_WARN_CONSTANT_CONVERSION = YES;
				CLANG_WARN_DEPRECATED_OBJC_IMPLEMENTATIONS = YES;
				CLANG_WARN_DIRECT_OBJC_ISA_USAGE = YES_ERROR;
				CLANG_WARN_DOCUMENTATION_COMMENTS = YES;
				CLANG_WARN_EMPTY_BODY = YES;
				CLANG_WARN_ENUM_CONVERSION = YES;
				CLANG_WARN_INFINITE_RECURSION = YES;
				CLANG_WARN_INT_CONVERSION = YES;
				CLANG_WARN_NON_LITERAL_NULL_CONVERSION = YES;
				CLANG_WARN_OBJC_IMPLICIT_RETAIN_SELF = YES;
				CLANG_WARN_OBJC_LITERAL_CONVERSION = YES;
				CLANG_WARN_OBJC_ROOT_CLASS = YES_ERROR;
				CLANG_WARN_QUOTED_INCLUDE_IN_FRAMEWORK_HEADER = YES;
				CLANG_WARN_RANGE_LOOP_ANALYSIS = YES;
				CLANG_WARN_STRICT_PROTOTYPES = YES;
				CLANG_WARN_SUSPICIOUS_MOVE = YES;
				CLANG_WARN_UNGUARDED_AVAILABILITY = YES_AGGRESSIVE;
				CLANG_WARN_UNREACHABLE_CODE = YES;
				CLANG_WARN__DUPLICATE_METHOD_MATCH = YES;
				COPY_PHASE_STRIP = NO;
				DEBUG_INFORMATION_FORMAT = "dwarf-with-dsym";
				ENABLE_NS_ASSERTIONS = NO;
				ENABLE_STRICT_OBJC_MSGSEND = YES;
				GCC_C_LANGUAGE_STANDARD = gnu11;
				GCC_NO_COMMON_BLOCKS = YES;
				GCC_WARN_64_TO_32_BIT_CONVERSION = YES;
				GCC_WARN_ABOUT_RETURN_TYPE = YES_ERROR;
				GCC_WARN_UNDECLARED_SELECTOR = YES;
				GCC_WARN_UNINITIALIZED_AUTOS = YES_AGGRESSIVE;
				GCC_WARN_UNUSED_FUNCTION = YES;
				GCC_WARN_UNUSED_VARIABLE = YES;
				IPHONEOS_DEPLOYMENT_TARGET = 16.4;
				MTL_ENABLE_DEBUG_INFO = NO;
				MTL_FAST_MATH = YES;
				SDKROOT = iphoneos;
				SWIFT_COMPILATION_MODE = wholemodule;
				SWIFT_OPTIMIZATION_LEVEL = "-O";
				VALIDATE_PRODUCT = YES;
			};
			name = Release;
		};
		11A9981D2A85313400E6502C /* Debug */ = {
			isa = XCBuildConfiguration;
			baseConfigurationReference = 11DBE979A0ABC8AA0013D3D3 /* Pods-MyWeather.debug.xcconfig */;
			buildSettings = {
				ASSETCATALOG_COMPILER_APPICON_NAME = AppIcon;
				ASSETCATALOG_COMPILER_GLOBAL_ACCENT_COLOR_NAME = AccentColor;
				CODE_SIGN_STYLE = Automatic;
				CURRENT_PROJECT_VERSION = 1;
				DEVELOPMENT_TEAM = KS74W7M7ZU;
				GENERATE_INFOPLIST_FILE = YES;
				INFOPLIST_FILE = MyWeather/Info.plist;
				INFOPLIST_KEY_CFBundleDisplayName = "My Weather";
				INFOPLIST_KEY_UIApplicationSupportsIndirectInputEvents = YES;
				INFOPLIST_KEY_UILaunchStoryboardName = LaunchScreen;
				INFOPLIST_KEY_UIRequiresFullScreen = YES;
				INFOPLIST_KEY_UIStatusBarStyle = "";
				INFOPLIST_KEY_UISupportedInterfaceOrientations = UIInterfaceOrientationPortrait;
				LD_RUNPATH_SEARCH_PATHS = (
					"$(inherited)",
					"@executable_path/Frameworks",
				);
				MARKETING_VERSION = 1.0;
				PRODUCT_BUNDLE_IDENTIFIER = nktshklv.MyWeather;
				PRODUCT_NAME = "$(TARGET_NAME)";
				SWIFT_EMIT_LOC_STRINGS = YES;
				SWIFT_VERSION = 5.0;
				TARGETED_DEVICE_FAMILY = "1,2";
			};
			name = Debug;
		};
		11A9981E2A85313400E6502C /* Release */ = {
			isa = XCBuildConfiguration;
			baseConfigurationReference = 5DBA8D499E377F0D8571B5F1 /* Pods-MyWeather.release.xcconfig */;
			buildSettings = {
				ASSETCATALOG_COMPILER_APPICON_NAME = AppIcon;
				ASSETCATALOG_COMPILER_GLOBAL_ACCENT_COLOR_NAME = AccentColor;
				CODE_SIGN_STYLE = Automatic;
				CURRENT_PROJECT_VERSION = 1;
				DEVELOPMENT_TEAM = KS74W7M7ZU;
				GENERATE_INFOPLIST_FILE = YES;
				INFOPLIST_FILE = MyWeather/Info.plist;
				INFOPLIST_KEY_CFBundleDisplayName = "My Weather";
				INFOPLIST_KEY_UIApplicationSupportsIndirectInputEvents = YES;
				INFOPLIST_KEY_UILaunchStoryboardName = LaunchScreen;
				INFOPLIST_KEY_UIRequiresFullScreen = YES;
				INFOPLIST_KEY_UIStatusBarStyle = "";
				INFOPLIST_KEY_UISupportedInterfaceOrientations = UIInterfaceOrientationPortrait;
				LD_RUNPATH_SEARCH_PATHS = (
					"$(inherited)",
					"@executable_path/Frameworks",
				);
				MARKETING_VERSION = 1.0;
				PRODUCT_BUNDLE_IDENTIFIER = nktshklv.MyWeather;
				PRODUCT_NAME = "$(TARGET_NAME)";
				SWIFT_EMIT_LOC_STRINGS = YES;
				SWIFT_VERSION = 5.0;
				TARGETED_DEVICE_FAMILY = "1,2";
			};
			name = Release;
		};
/* End XCBuildConfiguration section */

/* Begin XCConfigurationList section */
		11A998032A85313300E6502C /* Build configuration list for PBXProject "MyWeather" */ = {
			isa = XCConfigurationList;
			buildConfigurations = (
				11A9981A2A85313400E6502C /* Debug */,
				11A9981B2A85313400E6502C /* Release */,
			);
			defaultConfigurationIsVisible = 0;
			defaultConfigurationName = Release;
		};
		11A9981C2A85313400E6502C /* Build configuration list for PBXNativeTarget "MyWeather" */ = {
			isa = XCConfigurationList;
			buildConfigurations = (
				11A9981D2A85313400E6502C /* Debug */,
				11A9981E2A85313400E6502C /* Release */,
			);
			defaultConfigurationIsVisible = 0;
			defaultConfigurationName = Release;
		};
/* End XCConfigurationList section */
	};
	rootObject = 11A998002A85313300E6502C /* Project object */;
}
